
Microsoft Visual Studio Solution File, Format Version 12.00
# Visual Studio Version 17
VisualStudioVersion = 17.11.35303.130
MinimumVisualStudioVersion = 10.0.40219.1
Project("{9A19103F-16F7-4668-BE54-9A1E7A4F7556}") = "ahf-hiv-api", "ahf-hiv-api.csproj", "{0E7F5590-3ADB-4319-A7B2-5AD82E4FCA4B}"
EndProject
Global
	GlobalSection(SolutionConfigurationPlatforms) = preSolution
		Debug|Any CPU = Debug|Any CPU
		Release|Any CPU = Release|Any CPU
	EndGlobalSection
	GlobalSection(ProjectConfigurationPlatforms) = postSolution
		{0E7F5590-3ADB-4319-A7B2-5AD82E4FCA4B}.Debug|Any CPU.ActiveCfg = Debug|Any CPU
		{0E7F5590-3ADB-4319-A7B2-5AD82E4FCA4B}.Debug|Any CPU.Build.0 = Debug|Any CPU
		{0E7F5590-3ADB-4319-A7B2-5AD82E4FCA4B}.Release|Any CPU.ActiveCfg = Release|Any CPU
		{0E7F5590-3ADB-4319-A7B2-5AD82E4FCA4B}.Release|Any CPU.Build.0 = Release|Any CPU
	EndGlobalSection
	GlobalSection(SolutionProperties) = preSolution
		HideSolutionNode = FALSE
	EndGlobalSection
	GlobalSection(ExtensibilityGlobals) = postSolution
		SolutionGuid = {A20DEE02-8083-411B-9395-1CDEC2683BE5}
	EndGlobalSection
EndGlobal
